{
  "version": 4,
  "terraform_version": "1.7.3",
  "serial": 39,
  "lineage": "bae61b44-8649-156d-045c-371ca8f61153",
  "outputs": {},
  "resources": [
    {
      "mode": "managed",
      "type": "azurerm_data_factory",
      "name": "example",
      "provider": "provider[\"registry.terraform.io/hashicorp/azurerm\"]",
      "instances": [
        {
          "schema_version": 1,
          "attributes": {
            "github_configuration": [],
            "id": "/subscriptions/14302e6f-4254-4ba5-b904-64dac9f284af/resourceGroups/rcreation/providers/Microsoft.DataFactory/factories/vishnudevelop",
            "identity": [],
            "location": "westeurope",
            "name": "VishnuDevelop",
            "public_network_enabled": true,
            "resource_group_name": "rcreation",
            "tags": {
              "environment": "Production",
              "terraform": "terraform"
            },
            "timeouts": null,
            "vsts_configuration": []
          },
          "sensitive_attributes": [],
          "private": "eyJlMmJmYjczMC1lY2FhLTExZTYtOGY4OC0zNDM2M2JjN2M0YzAiOnsiY3JlYXRlIjoxODAwMDAwMDAwMDAwLCJkZWxldGUiOjE4MDAwMDAwMDAwMDAsInJlYWQiOjMwMDAwMDAwMDAwMCwidXBkYXRlIjoxODAwMDAwMDAwMDAwfSwic2NoZW1hX3ZlcnNpb24iOiIxIn0=",
          "dependencies": [
            "azurerm_resource_group.RCreation"
          ]
        }
      ]
    },
    {
      "mode": "managed",
      "type": "azurerm_log_analytics_workspace",
      "name": "log",
      "provider": "provider[\"registry.terraform.io/hashicorp/azurerm\"]",
      "instances": [
        {
          "schema_version": 2,
          "attributes": {
            "daily_quota_gb": -1,
            "id": "/subscriptions/14302e6f-4254-4ba5-b904-64dac9f284af/resourceGroups/RCreation/providers/Microsoft.OperationalInsights/workspaces/acctest-01",
            "internet_ingestion_enabled": true,
            "internet_query_enabled": true,
            "location": "westeurope",
            "name": "acctest-01",
            "portal_url": "",
            "primary_shared_key": "Q9SxpI912eOJVqgVmzXYeFi1HLrlgLZnIZekkdWuMMpLOrn1zW31Dyy5ti64UT0tPKE1/x66KanDW3PqIxOAUQ==",
            "resource_group_name": "RCreation",
            "retention_in_days": 30,
            "secondary_shared_key": "IewZzuWjIWIVMkFSro9HgK0cAyVEXr8OdvRG0MGBbJkdpighggstS44bJUrOofCn9WunxnShgBz2yuB4i1lehQ==",
            "sku": "PerGB2018",
            "tags": {},
            "timeouts": null,
            "workspace_id": "76fb9ed8-1772-442a-a469-30119f1af789"
          },
          "sensitive_attributes": [],
          "private": "eyJlMmJmYjczMC1lY2FhLTExZTYtOGY4OC0zNDM2M2JjN2M0YzAiOnsiY3JlYXRlIjoxODAwMDAwMDAwMDAwLCJkZWxldGUiOjE4MDAwMDAwMDAwMDAsInJlYWQiOjMwMDAwMDAwMDAwMCwidXBkYXRlIjoxODAwMDAwMDAwMDAwfSwic2NoZW1hX3ZlcnNpb24iOiIyIn0=",
          "dependencies": [
            "azurerm_resource_group.RCreation"
          ]
        }
      ]
    },
    {
      "mode": "managed",
      "type": "azurerm_monitor_action_group",
      "name": "example",
      "provider": "provider[\"registry.terraform.io/hashicorp/azurerm\"]",
      "instances": [
        {
          "schema_version": 0,
          "attributes": {
            "arm_role_receiver": [],
            "automation_runbook_receiver": [],
            "azure_app_push_receiver": [],
            "azure_function_receiver": [],
            "email_receiver": [
              {
                "email_address": "vishnuvijayan62@outlook.com",
                "name": "sendtodevops",
                "use_common_alert_schema": true
              }
            ],
            "enabled": true,
            "id": "/subscriptions/14302E6F-4254-4BA5-B904-64DAC9F284AF/resourceGroups/RCreation/providers/microsoft.insights/actionGroups/CriticalAlertsAction",
            "itsm_receiver": [],
            "logic_app_receiver": [],
            "name": "CriticalAlertsAction",
            "resource_group_name": "RCreation",
            "short_name": "p0action",
            "sms_receiver": [],
            "tags": {},
            "timeouts": null,
            "voice_receiver": [],
            "webhook_receiver": []
          },
          "sensitive_attributes": [],
          "private": "eyJlMmJmYjczMC1lY2FhLTExZTYtOGY4OC0zNDM2M2JjN2M0YzAiOnsiY3JlYXRlIjoxODAwMDAwMDAwMDAwLCJkZWxldGUiOjE4MDAwMDAwMDAwMDAsInJlYWQiOjMwMDAwMDAwMDAwMCwidXBkYXRlIjoxODAwMDAwMDAwMDAwfX0=",
          "dependencies": [
            "azurerm_resource_group.RCreation"
          ]
        }
      ]
    },
    {
      "mode": "managed",
      "type": "azurerm_monitor_metric_alert",
      "name": "metric_alert",
      "provider": "provider[\"registry.terraform.io/hashicorp/azurerm\"]",
      "instances": [
        {
          "schema_version": 0,
          "attributes": {
            "action": [
              {
                "action_group_id": "/subscriptions/14302E6F-4254-4BA5-B904-64DAC9F284AF/resourceGroups/RCreation/providers/microsoft.insights/actionGroups/CriticalAlertsAction",
                "webhook_properties": {}
              }
            ],
            "application_insights_web_test_location_availability_criteria": [],
            "auto_mitigate": true,
            "criteria": [
              {
                "aggregation": "Total",
                "dimension": [],
                "metric_name": "Transactions",
                "metric_namespace": "Microsoft.Storage/storageAccounts",
                "operator": "GreaterThan",
                "threshold": 50
              }
            ],
            "description": "Action will be triggered when Transactions count is greater than 50.",
            "dynamic_criteria": [],
            "enabled": true,
            "frequency": "PT1M",
            "id": "/subscriptions/14302e6f-4254-4ba5-b904-64dac9f284af/resourceGroups/RCreation/providers/Microsoft.Insights/metricAlerts/metricalert",
            "name": "metricalert",
            "resource_group_name": "RCreation",
            "scopes": [
              "/subscriptions/14302e6f-4254-4ba5-b904-64dac9f284af/resourceGroups/RCreation/providers/Microsoft.Storage/storageAccounts/vishnumvdevelopsazure"
            ],
            "severity": 3,
            "tags": {},
            "target_resource_location": "",
            "target_resource_type": "",
            "timeouts": null,
            "window_size": "PT5M"
          },
          "sensitive_attributes": [],
          "private": "eyJlMmJmYjczMC1lY2FhLTExZTYtOGY4OC0zNDM2M2JjN2M0YzAiOnsiY3JlYXRlIjoxODAwMDAwMDAwMDAwLCJkZWxldGUiOjE4MDAwMDAwMDAwMDAsInJlYWQiOjMwMDAwMDAwMDAwMCwidXBkYXRlIjoxODAwMDAwMDAwMDAwfX0=",
          "dependencies": [
            "azurerm_monitor_action_group.example",
            "azurerm_resource_group.RCreation",
            "azurerm_storage_account.example1"
          ]
        }
      ]
    },
    {
      "mode": "managed",
      "type": "azurerm_network_security_group",
      "name": "SGRoup",
      "provider": "provider[\"registry.terraform.io/hashicorp/azurerm\"]",
      "instances": [
        {
          "schema_version": 0,
          "attributes": {
            "id": "/subscriptions/14302e6f-4254-4ba5-b904-64dac9f284af/resourceGroups/RCreation/providers/Microsoft.Network/networkSecurityGroups/SGRoup",
            "location": "westeurope",
            "name": "SGRoup",
            "resource_group_name": "RCreation",
            "security_rule": [
              {
                "access": "Allow",
                "description": "",
                "destination_address_prefix": "*",
                "destination_address_prefixes": [],
                "destination_application_security_group_ids": [],
                "destination_port_range": "*",
                "destination_port_ranges": [],
                "direction": "Inbound",
                "name": "test123",
                "priority": 100,
                "protocol": "Tcp",
                "source_address_prefix": "*",
                "source_address_prefixes": [],
                "source_application_security_group_ids": [],
                "source_port_range": "*",
                "source_port_ranges": []
              }
            ],
            "tags": {
              "environment": "Production"
            },
            "timeouts": null
          },
          "sensitive_attributes": [],
          "private": "eyJlMmJmYjczMC1lY2FhLTExZTYtOGY4OC0zNDM2M2JjN2M0YzAiOnsiY3JlYXRlIjoxODAwMDAwMDAwMDAwLCJkZWxldGUiOjE4MDAwMDAwMDAwMDAsInJlYWQiOjMwMDAwMDAwMDAwMCwidXBkYXRlIjoxODAwMDAwMDAwMDAwfX0=",
          "dependencies": [
            "azurerm_resource_group.RCreation"
          ]
        }
      ]
    },
    {
      "mode": "managed",
      "type": "azurerm_network_security_group",
      "name": "snet",
      "provider": "provider[\"registry.terraform.io/hashicorp/azurerm\"]",
      "instances": [
        {
          "schema_version": 0,
          "attributes": {
            "id": "/subscriptions/14302e6f-4254-4ba5-b904-64dac9f284af/resourceGroups/RCreation/providers/Microsoft.Network/networkSecurityGroups/snet",
            "location": "westeurope",
            "name": "snet",
            "resource_group_name": "RCreation",
            "security_rule": [],
            "tags": {},
            "timeouts": null
          },
          "sensitive_attributes": [],
          "private": "eyJlMmJmYjczMC1lY2FhLTExZTYtOGY4OC0zNDM2M2JjN2M0YzAiOnsiY3JlYXRlIjoxODAwMDAwMDAwMDAwLCJkZWxldGUiOjE4MDAwMDAwMDAwMDAsInJlYWQiOjMwMDAwMDAwMDAwMCwidXBkYXRlIjoxODAwMDAwMDAwMDAwfX0=",
          "dependencies": [
            "azurerm_resource_group.RCreation"
          ]
        }
      ]
    },
    {
      "mode": "managed",
      "type": "azurerm_resource_group",
      "name": "RCreation",
      "provider": "provider[\"registry.terraform.io/hashicorp/azurerm\"]",
      "instances": [
        {
          "schema_version": 0,
          "attributes": {
            "id": "/subscriptions/14302e6f-4254-4ba5-b904-64dac9f284af/resourceGroups/RCreation",
            "location": "westeurope",
            "name": "RCreation",
            "tags": {},
            "timeouts": null
          },
          "sensitive_attributes": [],
          "private": "eyJlMmJmYjczMC1lY2FhLTExZTYtOGY4OC0zNDM2M2JjN2M0YzAiOnsiY3JlYXRlIjo1NDAwMDAwMDAwMDAwLCJkZWxldGUiOjU0MDAwMDAwMDAwMDAsInJlYWQiOjMwMDAwMDAwMDAwMCwidXBkYXRlIjo1NDAwMDAwMDAwMDAwfX0="
        }
      ]
    },
    {
      "mode": "managed",
      "type": "azurerm_resource_group",
      "name": "example",
      "provider": "provider[\"registry.terraform.io/hashicorp/azurerm\"]",
      "instances": [
        {
          "schema_version": 0,
          "attributes": {
            "id": "/subscriptions/14302e6f-4254-4ba5-b904-64dac9f284af/resourceGroups/example-resources",
            "location": "westeurope",
            "name": "example-resources",
            "tags": {},
            "timeouts": null
          },
          "sensitive_attributes": [],
          "private": "eyJlMmJmYjczMC1lY2FhLTExZTYtOGY4OC0zNDM2M2JjN2M0YzAiOnsiY3JlYXRlIjo1NDAwMDAwMDAwMDAwLCJkZWxldGUiOjU0MDAwMDAwMDAwMDAsInJlYWQiOjMwMDAwMDAwMDAwMCwidXBkYXRlIjo1NDAwMDAwMDAwMDAwfX0="
        }
      ]
    },
    {
      "mode": "managed",
      "type": "azurerm_storage_account",
      "name": "example1",
      "provider": "provider[\"registry.terraform.io/hashicorp/azurerm\"]",
      "instances": [
        {
          "schema_version": 2,
          "attributes": {
            "access_tier": "Hot",
            "account_kind": "StorageV2",
            "account_replication_type": "LRS",
            "account_tier": "Standard",
            "allow_blob_public_access": false,
            "blob_properties": [],
            "custom_domain": [],
            "enable_https_traffic_only": true,
            "id": "/subscriptions/14302e6f-4254-4ba5-b904-64dac9f284af/resourceGroups/RCreation/providers/Microsoft.Storage/storageAccounts/vishnumvdevelopsazure",
            "identity": [],
            "is_hns_enabled": false,
            "large_file_share_enabled": null,
            "location": "westeurope",
            "min_tls_version": "TLS1_0",
            "name": "vishnumvdevelopsazure",
            "network_rules": [
              {
                "bypass": [
                  "AzureServices"
                ],
                "default_action": "Allow",
                "ip_rules": [],
                "virtual_network_subnet_ids": []
              }
            ],
            "primary_access_key": "VfJwG/h1NpTAiYMRF9Eu7YeTZ4Boob2XB953xVNh3CNc+RpS0DNZjcgWiM9FVsEauazHRs4ezqA3+AStMSekQw==",
            "primary_blob_connection_string": "DefaultEndpointsProtocol=https;BlobEndpoint=https://vishnumvdevelopsazure.blob.core.windows.net/;AccountName=vishnumvdevelopsazure;AccountKey=VfJwG/h1NpTAiYMRF9Eu7YeTZ4Boob2XB953xVNh3CNc+RpS0DNZjcgWiM9FVsEauazHRs4ezqA3+AStMSekQw==",
            "primary_blob_endpoint": "https://vishnumvdevelopsazure.blob.core.windows.net/",
            "primary_blob_host": "vishnumvdevelopsazure.blob.core.windows.net",
            "primary_connection_string": "DefaultEndpointsProtocol=https;AccountName=vishnumvdevelopsazure;AccountKey=VfJwG/h1NpTAiYMRF9Eu7YeTZ4Boob2XB953xVNh3CNc+RpS0DNZjcgWiM9FVsEauazHRs4ezqA3+AStMSekQw==;EndpointSuffix=core.windows.net",
            "primary_dfs_endpoint": "https://vishnumvdevelopsazure.dfs.core.windows.net/",
            "primary_dfs_host": "vishnumvdevelopsazure.dfs.core.windows.net",
            "primary_file_endpoint": "https://vishnumvdevelopsazure.file.core.windows.net/",
            "primary_file_host": "vishnumvdevelopsazure.file.core.windows.net",
            "primary_location": "westeurope",
            "primary_queue_endpoint": "https://vishnumvdevelopsazure.queue.core.windows.net/",
            "primary_queue_host": "vishnumvdevelopsazure.queue.core.windows.net",
            "primary_table_endpoint": "https://vishnumvdevelopsazure.table.core.windows.net/",
            "primary_table_host": "vishnumvdevelopsazure.table.core.windows.net",
            "primary_web_endpoint": "https://vishnumvdevelopsazure.z6.web.core.windows.net/",
            "primary_web_host": "vishnumvdevelopsazure.z6.web.core.windows.net",
            "queue_properties": [
              {
                "cors_rule": [],
                "hour_metrics": [
                  {
                    "enabled": true,
                    "include_apis": true,
                    "retention_policy_days": 7,
                    "version": "1.0"
                  }
                ],
                "logging": [
                  {
                    "delete": false,
                    "read": false,
                    "retention_policy_days": 0,
                    "version": "1.0",
                    "write": false
                  }
                ],
                "minute_metrics": [
                  {
                    "enabled": false,
                    "include_apis": false,
                    "retention_policy_days": 0,
                    "version": "1.0"
                  }
                ]
              }
            ],
            "resource_group_name": "RCreation",
            "secondary_access_key": "aDKaPDHifbsWrljntdehWiQK5A/fKIEBqnNoG6Xpc4fK6kqOjWdsKRktsOkKa+XDCdJkR/5Xe0j5+AStFoHZnA==",
            "secondary_blob_connection_string": "",
            "secondary_blob_endpoint": null,
            "secondary_blob_host": null,
            "secondary_connection_string": "DefaultEndpointsProtocol=https;AccountName=vishnumvdevelopsazure;AccountKey=aDKaPDHifbsWrljntdehWiQK5A/fKIEBqnNoG6Xpc4fK6kqOjWdsKRktsOkKa+XDCdJkR/5Xe0j5+AStFoHZnA==;EndpointSuffix=core.windows.net",
            "secondary_dfs_endpoint": null,
            "secondary_dfs_host": null,
            "secondary_file_endpoint": null,
            "secondary_file_host": null,
            "secondary_location": "",
            "secondary_queue_endpoint": null,
            "secondary_queue_host": null,
            "secondary_table_endpoint": null,
            "secondary_table_host": null,
            "secondary_web_endpoint": null,
            "secondary_web_host": null,
            "static_website": [],
            "tags": {},
            "timeouts": null
          },
          "sensitive_attributes": [],
          "private": "eyJlMmJmYjczMC1lY2FhLTExZTYtOGY4OC0zNDM2M2JjN2M0YzAiOnsiY3JlYXRlIjozNjAwMDAwMDAwMDAwLCJkZWxldGUiOjM2MDAwMDAwMDAwMDAsInJlYWQiOjMwMDAwMDAwMDAwMCwidXBkYXRlIjozNjAwMDAwMDAwMDAwfSwic2NoZW1hX3ZlcnNpb24iOiIyIn0=",
          "dependencies": [
            "azurerm_resource_group.RCreation"
          ]
        }
      ]
    },
    {
      "mode": "managed",
      "type": "azurerm_virtual_network",
      "name": "example",
      "provider": "provider[\"registry.terraform.io/hashicorp/azurerm\"]",
      "instances": [
        {
          "schema_version": 0,
          "attributes": {
            "address_space": [
              "10.0.0.0/16"
            ],
            "bgp_community": "",
            "ddos_protection_plan": [],
            "dns_servers": [
              "10.0.0.4",
              "10.0.0.5"
            ],
            "guid": "59541ff4-b3ba-421e-b46f-2db005e3e79c",
            "id": "/subscriptions/14302e6f-4254-4ba5-b904-64dac9f284af/resourceGroups/RCreation/providers/Microsoft.Network/virtualNetworks/VNET",
            "location": "westeurope",
            "name": "VNET",
            "resource_group_name": "RCreation",
            "subnet": [
              {
                "address_prefix": "10.0.1.0/24",
                "id": "/subscriptions/14302e6f-4254-4ba5-b904-64dac9f284af/resourceGroups/RCreation/providers/Microsoft.Network/virtualNetworks/VNET/subnets/subnet1",
                "name": "subnet1",
                "security_group": ""
              },
              {
                "address_prefix": "10.0.2.0/24",
                "id": "/subscriptions/14302e6f-4254-4ba5-b904-64dac9f284af/resourceGroups/RCreation/providers/Microsoft.Network/virtualNetworks/VNET/subnets/subnet2",
                "name": "subnet2",
                "security_group": "/subscriptions/14302e6f-4254-4ba5-b904-64dac9f284af/resourceGroups/RCreation/providers/Microsoft.Network/networkSecurityGroups/snet"
              }
            ],
            "tags": {
              "environment": "Production"
            },
            "timeouts": null,
            "vm_protection_enabled": false
          },
          "sensitive_attributes": [],
          "private": "eyJlMmJmYjczMC1lY2FhLTExZTYtOGY4OC0zNDM2M2JjN2M0YzAiOnsiY3JlYXRlIjoxODAwMDAwMDAwMDAwLCJkZWxldGUiOjE4MDAwMDAwMDAwMDAsInJlYWQiOjMwMDAwMDAwMDAwMCwidXBkYXRlIjoxODAwMDAwMDAwMDAwfX0=",
          "dependencies": [
            "azurerm_network_security_group.snet",
            "azurerm_resource_group.RCreation"
          ]
        }
      ]
    }
  ],
  "check_results": null
}
